
Microsoft Visual Studio Solution File, Format Version 12.00
# Visual Studio Version 17
VisualStudioVersion = 17.5.002.0
MinimumVisualStudioVersion = 10.0.40219.1
Project("{9A19103F-16F7-4668-BE54-9A1E7A4F7556}") = "RpgApi", "RpgApi.csproj", "{C91A22A5-DAA9-4753-B801-C29B7F0B9B2B}"
EndProject
Global
	GlobalSection(SolutionConfigurationPlatforms) = preSolution
		Debug|Any CPU = Debug|Any CPU
		Release|Any CPU = Release|Any CPU
	EndGlobalSection
	GlobalSection(ProjectConfigurationPlatforms) = postSolution
		{C91A22A5-DAA9-4753-B801-C29B7F0B9B2B}.Debug|Any CPU.ActiveCfg = Debug|Any CPU
		{C91A22A5-DAA9-4753-B801-C29B7F0B9B2B}.Debug|Any CPU.Build.0 = Debug|Any CPU
		{C91A22A5-DAA9-4753-B801-C29B7F0B9B2B}.Release|Any CPU.ActiveCfg = Release|Any CPU
		{C91A22A5-DAA9-4753-B801-C29B7F0B9B2B}.Release|Any CPU.Build.0 = Release|Any CPU
	EndGlobalSection
	GlobalSection(SolutionProperties) = preSolution
		HideSolutionNode = FALSE
	EndGlobalSection
	GlobalSection(ExtensibilityGlobals) = postSolution
		SolutionGuid = {95ECC91F-0745-4CD5-98DE-29D6728D41AD}
	EndGlobalSection
EndGlobal
